// !$*UTF8*$!
{
	archiveVersion = 1;
	classes = {
	};
	objectVersion = 56;
	objects = {

/* Begin PBXBuildFile section */
		69D24D782CB4C99B003E025C /* SLYYWeakProxy.m in Sources */ = {isa = PBXBuildFile; fileRef = 69D24D732CB4C99B003E025C /* SLYYWeakProxy.m */; };
		69D24D792CB4C99B003E025C /* SLMarqueeView.m in Sources */ = {isa = PBXBuildFile; fileRef = 69D24D762CB4C99B003E025C /* SLMarqueeView.m */; };
		69D24DA42CB4CA4B003E025C /* SLMarqueeView.h in CopyFiles */ = {isa = PBXBuildFile; fileRef = 69D24D722CB4C99B003E025C /* SLMarqueeView.h */; };
		69D24DAC2CB4CBC1003E025C /* SLColor.m in Sources */ = {isa = PBXBuildFile; fileRef = 69D24DAB2CB4CBC1003E025C /* SLColor.m */; };
/* End PBXBuildFile section */

/* Begin PBXCopyFilesBuildPhase section */
		69D24D622CB4C931003E025C /* CopyFiles */ = {
			isa = PBXCopyFilesBuildPhase;
			buildActionMask = 2147483647;
			dstPath = "include/$(PRODUCT_NAME)";
			dstSubfolderSpec = 16;
			files = (
				69D24DA42CB4CA4B003E025C /* SLMarqueeView.h in CopyFiles */,
			);
			runOnlyForDeploymentPostprocessing = 0;
		};
/* End PBXCopyFilesBuildPhase section */

/* Begin PBXFileReference section */
		69D24D642CB4C931003E025C /* libSLMarquee.a */ = {isa = PBXFileReference; explicitFileType = archive.ar; includeInIndex = 0; path = libSLMarquee.a; sourceTree = BUILT_PRODUCTS_DIR; };
		69D24D722CB4C99B003E025C /* SLMarqueeView.h */ = {isa = PBXFileReference; fileEncoding = 4; lastKnownFileType = sourcecode.c.h; path = SLMarqueeView.h; sourceTree = "<group>"; };
		69D24D732CB4C99B003E025C /* SLYYWeakProxy.m */ = {isa = PBXFileReference; fileEncoding = 4; lastKnownFileType = sourcecode.c.objc; path = SLYYWeakProxy.m; sourceTree = "<group>"; };
		69D24D742CB4C99B003E025C /* SLYYWeakProxy.h */ = {isa = PBXFileReference; fileEncoding = 4; lastKnownFileType = sourcecode.c.h; path = SLYYWeakProxy.h; sourceTree = "<group>"; };
		69D24D762CB4C99B003E025C /* SLMarqueeView.m */ = {isa = PBXFileReference; fileEncoding = 4; lastKnownFileType = sourcecode.c.objc; path = SLMarqueeView.m; sourceTree = "<group>"; };
		69D24DAA2CB4CBC1003E025C /* SLColor.h */ = {isa = PBXFileReference; lastKnownFileType = sourcecode.c.h; path = SLColor.h; sourceTree = "<group>"; };
		69D24DAB2CB4CBC1003E025C /* SLColor.m */ = {isa = PBXFileReference; lastKnownFileType = sourcecode.c.objc; path = SLColor.m; sourceTree = "<group>"; };
/* End PBXFileReference section */

/* Begin PBXFrameworksBuildPhase section */
		69D24D612CB4C931003E025C /* Frameworks */ = {
			isa = PBXFrameworksBuildPhase;
			buildActionMask = 2147483647;
			files = (
			);
			runOnlyForDeploymentPostprocessing = 0;
		};
/* End PBXFrameworksBuildPhase section */

/* Begin PBXGroup section */
		69D24D5B2CB4C931003E025C = {
			isa = PBXGroup;
			children = (
				69D24D662CB4C931003E025C /* SLMarquee */,
				69D24D652CB4C931003E025C /* Products */,
			);
			sourceTree = "<group>";
		};
		69D24D652CB4C931003E025C /* Products */ = {
			isa = PBXGroup;
			children = (
				69D24D642CB4C931003E025C /* libSLMarquee.a */,
			);
			name = Products;
			sourceTree = "<group>";
		};
		69D24D662CB4C931003E025C /* SLMarquee */ = {
			isa = PBXGroup;
			children = (
				69D24D722CB4C99B003E025C /* SLMarqueeView.h */,
				69D24D762CB4C99B003E025C /* SLMarqueeView.m */,
				69D24D742CB4C99B003E025C /* SLYYWeakProxy.h */,
				69D24D732CB4C99B003E025C /* SLYYWeakProxy.m */,
				69D24DAA2CB4CBC1003E025C /* SLColor.h */,
				69D24DAB2CB4CBC1003E025C /* SLColor.m */,
			);
			path = SLMarquee;
			sourceTree = "<group>";
		};
/* End PBXGroup section */

/* Begin PBXNativeTarget section */
		69D24D632CB4C931003E025C /* SLMarquee */ = {
			isa = PBXNativeTarget;
			buildConfigurationList = 69D24D6D2CB4C931003E025C /* Build configuration list for PBXNativeTarget "SLMarquee" */;
			buildPhases = (
				69D24D602CB4C931003E025C /* Sources */,
				69D24D612CB4C931003E025C /* Frameworks */,
				69D24D622CB4C931003E025C /* CopyFiles */,
			);
			buildRules = (
			);
			dependencies = (
			);
			name = SLMarquee;
			productName = SLMarquee;
			productReference = 69D24D642CB4C931003E025C /* libSLMarquee.a */;
			productType = "com.apple.product-type.library.static";
		};
/* End PBXNativeTarget section */

/* Begin PBXProject section */
		69D24D5C2CB4C931003E025C /* Project object */ = {
			isa = PBXProject;
			attributes = {
				BuildIndependentTargetsInParallel = 1;
				LastUpgradeCheck = 1540;
				TargetAttributes = {
					69D24D632CB4C931003E025C = {
						CreatedOnToolsVersion = 15.4;
					};
				};
			};
			buildConfigurationList = 69D24D5F2CB4C931003E025C /* Build configuration list for PBXProject "SLMarquee" */;
			compatibilityVersion = "Xcode 14.0";
			developmentRegion = en;
			hasScannedForEncodings = 0;
			knownRegions = (
				en,
				Base,
			);
			mainGroup = 69D24D5B2CB4C931003E025C;
			productRefGroup = 69D24D652CB4C931003E025C /* Products */;
			projectDirPath = "";
			projectRoot = "";
			targets = (
				69D24D632CB4C931003E025C /* SLMarquee */,
			);
		};
/* End PBXProject section */

/* Begin PBXSourcesBuildPhase section */
		69D24D602CB4C931003E025C /* Sources */ = {
			isa = PBXSourcesBuildPhase;
			buildActionMask = 2147483647;
			files = (
				69D24D792CB4C99B003E025C /* SLMarqueeView.m in Sources */,
				69D24DAC2CB4CBC1003E025C /* SLColor.m in Sources */,
				69D24D782CB4C99B003E025C /* SLYYWeakProxy.m in Sources */,
			);
			runOnlyForDeploymentPostprocessing = 0;
		};
/* End PBXSourcesBuildPhase section */

/* Begin XCBuildConfiguration section */
		69D24D6B2CB4C931003E025C /* Debug */ = {
			isa = XCBuildConfiguration;
			buildSettings = {
				ALWAYS_SEARCH_USER_PATHS = NO;
				ASSETCATALOG_COMPILER_GENERATE_SWIFT_ASSET_SYMBOL_EXTENSIONS = YES;
				CLANG_ANALYZER_NONNULL = YES;
				CLANG_ANALYZER_NUMBER_OBJECT_CONVERSION = YES_AGGRESSIVE;
				CLANG_CXX_LANGUAGE_STANDARD = "gnu++20";
				CLANG_ENABLE_MODULES = YES;
				CLANG_ENABLE_OBJC_ARC = YES;
				CLANG_ENABLE_OBJC_WEAK = YES;
				CLANG_WARN_BLOCK_CAPTURE_AUTORELEASING = YES;
				CLANG_WARN_BOOL_CONVERSION = YES;
				CLANG_WARN_COMMA = YES;
				CLANG_WARN_CONSTANT_CONVERSION = YES;
				CLANG_WARN_DEPRECATED_OBJC_IMPLEMENTATIONS = YES;
				CLANG_WARN_DIRECT_OBJC_ISA_USAGE = YES_ERROR;
				CLANG_WARN_DOCUMENTATION_COMMENTS = YES;
				CLANG_WARN_EMPTY_BODY = YES;
				CLANG_WARN_ENUM_CONVERSION = YES;
				CLANG_WARN_INFINITE_RECURSION = YES;
				CLANG_WARN_INT_CONVERSION = YES;
				CLANG_WARN_NON_LITERAL_NULL_CONVERSION = YES;
				CLANG_WARN_OBJC_IMPLICIT_RETAIN_SELF = YES;
				CLANG_WARN_OBJC_LITERAL_CONVERSION = YES;
				CLANG_WARN_OBJC_ROOT_CLASS = YES_ERROR;
				CLANG_WARN_QUOTED_INCLUDE_IN_FRAMEWORK_HEADER = YES;
				CLANG_WARN_RANGE_LOOP_ANALYSIS = YES;
				CLANG_WARN_STRICT_PROTOTYPES = YES;
				CLANG_WARN_SUSPICIOUS_MOVE = YES;
				CLANG_WARN_UNGUARDED_AVAILABILITY = YES_AGGRESSIVE;
				CLANG_WARN_UNREACHABLE_CODE = YES;
				CLANG_WARN__DUPLICATE_METHOD_MATCH = YES;
				COPY_PHASE_STRIP = NO;
				DEBUG_INFORMATION_FORMAT = dwarf;
				ENABLE_STRICT_OBJC_MSGSEND = YES;
				ENABLE_TESTABILITY = YES;
				ENABLE_USER_SCRIPT_SANDBOXING = YES;
				GCC_C_LANGUAGE_STANDARD = gnu17;
				GCC_DYNAMIC_NO_PIC = NO;
				GCC_NO_COMMON_BLOCKS = YES;
				GCC_OPTIMIZATION_LEVEL = 0;
				GCC_PREPROCESSOR_DEFINITIONS = (
					"DEBUG=1",
					"$(inherited)",
				);
				GCC_WARN_64_TO_32_BIT_CONVERSION = YES;
				GCC_WARN_ABOUT_RETURN_TYPE = YES_ERROR;
				GCC_WARN_UNDECLARED_SELECTOR = YES;
				GCC_WARN_UNINITIALIZED_AUTOS = YES_AGGRESSIVE;
				GCC_WARN_UNUSED_FUNCTION = YES;
				GCC_WARN_UNUSED_VARIABLE = YES;
				IPHONEOS_DEPLOYMENT_TARGET = 17.5;
				LOCALIZATION_PREFERS_STRING_CATALOGS = YES;
				MTL_ENABLE_DEBUG_INFO = INCLUDE_SOURCE;
				MTL_FAST_MATH = YES;
				ONLY_ACTIVE_ARCH = YES;
				SDKROOT = iphoneos;
			};
			name = Debug;
		};
		69D24D6C2CB4C931003E025C /* Release */ = {
			isa = XCBuildConfiguration;
			buildSettings = {
				ALWAYS_SEARCH_USER_PATHS = NO;
				ASSETCATALOG_COMPILER_GENERATE_SWIFT_ASSET_SYMBOL_EXTENSIONS = YES;
				CLANG_ANALYZER_NONNULL = YES;
				CLANG_ANALYZER_NUMBER_OBJECT_CONVERSION = YES_AGGRESSIVE;
				CLANG_CXX_LANGUAGE_STANDARD = "gnu++20";
				CLANG_ENABLE_MODULES = YES;
				CLANG_ENABLE_OBJC_ARC = YES;
				CLANG_ENABLE_OBJC_WEAK = YES;
				CLANG_WARN_BLOCK_CAPTURE_AUTORELEASING = YES;
				CLANG_WARN_BOOL_CONVERSION = YES;
				CLANG_WARN_COMMA = YES;
				CLANG_WARN_CONSTANT_CONVERSION = YES;
				CLANG_WARN_DEPRECATED_OBJC_IMPLEMENTATIONS = YES;
				CLANG_WARN_DIRECT_OBJC_ISA_USAGE = YES_ERROR;
				CLANG_WARN_DOCUMENTATION_COMMENTS = YES;
				CLANG_WARN_EMPTY_BODY = YES;
				CLANG_WARN_ENUM_CONVERSION = YES;
				CLANG_WARN_INFINITE_RECURSION = YES;
				CLANG_WARN_INT_CONVERSION = YES;
				CLANG_WARN_NON_LITERAL_NULL_CONVERSION = YES;
				CLANG_WARN_OBJC_IMPLICIT_RETAIN_SELF = YES;
				CLANG_WARN_OBJC_LITERAL_CONVERSION = YES;
				CLANG_WARN_OBJC_ROOT_CLASS = YES_ERROR;
				CLANG_WARN_QUOTED_INCLUDE_IN_FRAMEWORK_HEADER = YES;
				CLANG_WARN_RANGE_LOOP_ANALYSIS = YES;
				CLANG_WARN_STRICT_PROTOTYPES = YES;
				CLANG_WARN_SUSPICIOUS_MOVE = YES;
				CLANG_WARN_UNGUARDED_AVAILABILITY = YES_AGGRESSIVE;
				CLANG_WARN_UNREACHABLE_CODE = YES;
				CLANG_WARN__DUPLICATE_METHOD_MATCH = YES;
				COPY_PHASE_STRIP = NO;
				DEBUG_INFORMATION_FORMAT = "dwarf-with-dsym";
				ENABLE_NS_ASSERTIONS = NO;
				ENABLE_STRICT_OBJC_MSGSEND = YES;
				ENABLE_USER_SCRIPT_SANDBOXING = YES;
				GCC_C_LANGUAGE_STANDARD = gnu17;
				GCC_NO_COMMON_BLOCKS = YES;
				GCC_WARN_64_TO_32_BIT_CONVERSION = YES;
				GCC_WARN_ABOUT_RETURN_TYPE = YES_ERROR;
				GCC_WARN_UNDECLARED_SELECTOR = YES;
				GCC_WARN_UNINITIALIZED_AUTOS = YES_AGGRESSIVE;
				GCC_WARN_UNUSED_FUNCTION = YES;
				GCC_WARN_UNUSED_VARIABLE = YES;
				IPHONEOS_DEPLOYMENT_TARGET = 17.5;
				LOCALIZATION_PREFERS_STRING_CATALOGS = YES;
				MTL_ENABLE_DEBUG_INFO = NO;
				MTL_FAST_MATH = YES;
				SDKROOT = iphoneos;
				VALIDATE_PRODUCT = YES;
			};
			name = Release;
		};
		69D24D6E2CB4C931003E025C /* Debug */ = {
			isa = XCBuildConfiguration;
			buildSettings = {
				CODE_SIGN_STYLE = Automatic;
				DEVELOPMENT_TEAM = 7NS6PN5S8M;
				OTHER_LDFLAGS = "-ObjC";
				PRODUCT_NAME = "$(TARGET_NAME)";
				SKIP_INSTALL = YES;
				TARGETED_DEVICE_FAMILY = "1,2";
			};
			name = Debug;
		};
		69D24D6F2CB4C931003E025C /* Release */ = {
			isa = XCBuildConfiguration;
			buildSettings = {
				CODE_SIGN_STYLE = Automatic;
				DEVELOPMENT_TEAM = 7NS6PN5S8M;
				OTHER_LDFLAGS = "-ObjC";
				PRODUCT_NAME = "$(TARGET_NAME)";
				SKIP_INSTALL = YES;
				TARGETED_DEVICE_FAMILY = "1,2";
			};
			name = Release;
		};
/* End XCBuildConfiguration section */

/* Begin XCConfigurationList section */
		69D24D5F2CB4C931003E025C /* Build configuration list for PBXProject "SLMarquee" */ = {
			isa = XCConfigurationList;
			buildConfigurations = (
				69D24D6B2CB4C931003E025C /* Debug */,
				69D24D6C2CB4C931003E025C /* Release */,
			);
			defaultConfigurationIsVisible = 0;
			defaultConfigurationName = Release;
		};
		69D24D6D2CB4C931003E025C /* Build configuration list for PBXNativeTarget "SLMarquee" */ = {
			isa = XCConfigurationList;
			buildConfigurations = (
				69D24D6E2CB4C931003E025C /* Debug */,
				69D24D6F2CB4C931003E025C /* Release */,
			);
			defaultConfigurationIsVisible = 0;
			defaultConfigurationName = Release;
		};
/* End XCConfigurationList section */
	};
	rootObject = 69D24D5C2CB4C931003E025C /* Project object */;
}
